// !$*UTF8*$!
{
	archiveVersion = 1;
	classes = {
	};
	objectVersion = 46;
	objects = {

/* Begin PBXBuildFile section */
		AFD329D21E38844D00FB42CF /* AppDelegate.swift in Sources */ = {isa = PBXBuildFile; fileRef = AFD329D11E38844D00FB42CF /* AppDelegate.swift */; };
		AFD329D41E38844D00FB42CF /* ViewController.swift in Sources */ = {isa = PBXBuildFile; fileRef = AFD329D31E38844D00FB42CF /* ViewController.swift */; };
		AFD329D71E38844D00FB42CF /* Main.storyboard in Resources */ = {isa = PBXBuildFile; fileRef = AFD329D51E38844D00FB42CF /* Main.storyboard */; };
		AFD329D91E38844D00FB42CF /* Assets.xcassets in Resources */ = {isa = PBXBuildFile; fileRef = AFD329D81E38844D00FB42CF /* Assets.xcassets */; };
		AFD329DC1E38844D00FB42CF /* LaunchScreen.storyboard in Resources */ = {isa = PBXBuildFile; fileRef = AFD329DA1E38844D00FB42CF /* LaunchScreen.storyboard */; };
		AFD329E41E38848F00FB42CF /* json.json in Resources */ = {isa = PBXBuildFile; fileRef = AFD329E31E38848F00FB42CF /* json.json */; };
		AFD32A061E38C85300FB42CF /* TableViewController.swift in Sources */ = {isa = PBXBuildFile; fileRef = AFD32A051E38C85300FB42CF /* TableViewController.swift */; };
/* End PBXBuildFile section */

/* Begin PBXFileReference section */
		AFD329CE1E38844D00FB42CF /* TableJson.app */ = {isa = PBXFileReference; explicitFileType = wrapper.application; includeInIndex = 0; path = TableJson.app; sourceTree = BUILT_PRODUCTS_DIR; };
		AFD329D11E38844D00FB42CF /* AppDelegate.swift */ = {isa = PBXFileReference; lastKnownFileType = sourcecode.swift; path = AppDelegate.swift; sourceTree = "<group>"; };
		AFD329D31E38844D00FB42CF /* ViewController.swift */ = {isa = PBXFileReference; lastKnownFileType = sourcecode.swift; path = ViewController.swift; sourceTree = "<group>"; };
		AFD329D61E38844D00FB42CF /* Base */ = {isa = PBXFileReference; lastKnownFileType = file.storyboard; name = Base; path = Base.lproj/Main.storyboard; sourceTree = "<group>"; };
		AFD329D81E38844D00FB42CF /* Assets.xcassets */ = {isa = PBXFileReference; lastKnownFileType = folder.assetcatalog; path = Assets.xcassets; sourceTree = "<group>"; };
		AFD329DB1E38844D00FB42CF /* Base */ = {isa = PBXFileReference; lastKnownFileType = file.storyboard; name = Base; path = Base.lproj/LaunchScreen.storyboard; sourceTree = "<group>"; };
		AFD329DD1E38844D00FB42CF /* Info.plist */ = {isa = PBXFileReference; lastKnownFileType = text.plist.xml; path = Info.plist; sourceTree = "<group>"; };
		AFD329E31E38848F00FB42CF /* json.json */ = {isa = PBXFileReference; fileEncoding = 4; lastKnownFileType = text.json; path = json.json; sourceTree = "<group>"; };
		AFD32A051E38C85300FB42CF /* TableViewController.swift */ = {isa = PBXFileReference; fileEncoding = 4; lastKnownFileType = sourcecode.swift; path = TableViewController.swift; sourceTree = "<group>"; };
/* End PBXFileReference section */

/* Begin PBXFrameworksBuildPhase section */
		AFD329CB1E38844D00FB42CF /* Frameworks */ = {
			isa = PBXFrameworksBuildPhase;
			buildActionMask = 2147483647;
			files = (
			);
			runOnlyForDeploymentPostprocessing = 0;
		};
/* End PBXFrameworksBuildPhase section */

/* Begin PBXGroup section */
		AFD329C51E38844D00FB42CF = {
			isa = PBXGroup;
			children = (
				AFD329D01E38844D00FB42CF /* TableJson */,
				AFD329CF1E38844D00FB42CF /* Products */,
			);
			sourceTree = "<group>";
		};
		AFD329CF1E38844D00FB42CF /* Products */ = {
			isa = PBXGroup;
			children = (
				AFD329CE1E38844D00FB42CF /* TableJson.app */,
			);
			name = Products;
			sourceTree = "<group>";
		};
		AFD329D01E38844D00FB42CF /* TableJson */ = {
			isa = PBXGroup;
			children = (
				AFD329D11E38844D00FB42CF /* AppDelegate.swift */,
				AFD32A051E38C85300FB42CF /* TableViewController.swift */,
				AFD329D31E38844D00FB42CF /* ViewController.swift */,
				AFD329D51E38844D00FB42CF /* Main.storyboard */,
				AFD329D81E38844D00FB42CF /* Assets.xcassets */,
				AFD329DA1E38844D00FB42CF /* LaunchScreen.storyboard */,
				AFD329DD1E38844D00FB42CF /* Info.plist */,
				AFD329E31E38848F00FB42CF /* json.json */,
			);
			path = TableJson;
			sourceTree = "<group>";
		};
/* End PBXGroup section */

/* Begin PBXNativeTarget section */
		AFD329CD1E38844D00FB42CF /* TableJson */ = {
			isa = PBXNativeTarget;
			buildConfigurationList = AFD329E01E38844D00FB42CF /* Build configuration list for PBXNativeTarget "TableJson" */;
			buildPhases = (
				AFD329CA1E38844D00FB42CF /* Sources */,
				AFD329CB1E38844D00FB42CF /* Frameworks */,
				AFD329CC1E38844D00FB42CF /* Resources */,
			);
			buildRules = (
			);
			dependencies = (
			);
			name = TableJson;
			productName = TableJson;
			productReference = AFD329CE1E38844D00FB42CF /* TableJson.app */;
			productType = "com.apple.product-type.application";
		};
/* End PBXNativeTarget section */

/* Begin PBXProject section */
		AFD329C61E38844D00FB42CF /* Project object */ = {
			isa = PBXProject;
			attributes = {
				LastSwiftUpdateCheck = 0820;
				LastUpgradeCheck = 0820;
				ORGANIZATIONNAME = "Arun kumar Sah";
				TargetAttributes = {
					AFD329CD1E38844D00FB42CF = {
						CreatedOnToolsVersion = 8.2.1;
						ProvisioningStyle = Automatic;
					};
				};
			};
			buildConfigurationList = AFD329C91E38844D00FB42CF /* Build configuration list for PBXProject "TableJson" */;
			compatibilityVersion = "Xcode 3.2";
			developmentRegion = English;
			hasScannedForEncodings = 0;
			knownRegions = (
				en,
				Base,
			);
			mainGroup = AFD329C51E38844D00FB42CF;
			productRefGroup = AFD329CF1E38844D00FB42CF /* Products */;
			projectDirPath = "";
			projectRoot = "";
			targets = (
				AFD329CD1E38844D00FB42CF /* TableJson */,
			);
		};
/* End PBXProject section */

/* Begin PBXResourcesBuildPhase section */
		AFD329CC1E38844D00FB42CF /* Resources */ = {
			isa = PBXResourcesBuildPhase;
			buildActionMask = 2147483647;
			files = (
				AFD329DC1E38844D00FB42CF /* LaunchScreen.storyboard in Resources */,
				AFD329D91E38844D00FB42CF /* Assets.xcassets in Resources */,
				AFD329D71E38844D00FB42CF /* Main.storyboard in Resources */,
				AFD329E41E38848F00FB42CF /* json.json in Resources */,
			);
			runOnlyForDeploymentPostprocessing = 0;
		};
/* End PBXResourcesBuildPhase section */

/* Begin PBXSourcesBuildPhase section */
		AFD329CA1E38844D00FB42CF /* Sources */ = {
			isa = PBXSourcesBuildPhase;
			buildActionMask = 2147483647;
			files = (
				AFD329D41E38844D00FB42CF /* ViewController.swift in Sources */,
				AFD32A061E38C85300FB42CF /* TableViewController.swift in Sources */,
				AFD329D21E38844D00FB42CF /* AppDelegate.swift in Sources */,
			);
			runOnlyForDeploymentPostprocessing = 0;
		};
/* End PBXSourcesBuildPhase section */

/* Begin PBXVariantGroup section */
		AFD329D51E38844D00FB42CF /* Main.storyboard */ = {
			isa = PBXVariantGroup;
			children = (
				AFD329D61E38844D00FB42CF /* Base */,
			);
			name = Main.storyboard;
			sourceTree = "<group>";
		};
		AFD329DA1E38844D00FB42CF /* LaunchScreen.storyboard */ = {
			isa = PBXVariantGroup;
			children = (
				AFD329DB1E38844D00FB42CF /* Base */,
			);
			name = LaunchScreen.storyboard;
			sourceTree = "<group>";
		};
/* End PBXVariantGroup section */

/* Begin XCBuildConfiguration section */
		AFD329DE1E38844D00FB42CF /* Debug */ = {
			isa = XCBuildConfiguration;
			buildSettings = {
				ALWAYS_SEARCH_USER_PATHS = NO;
				CLANG_ANALYZER_NONNULL = YES;
				CLANG_CXX_LANGUAGE_STANDARD = "gnu++0x";
				CLANG_CXX_LIBRARY = "libc++";
				CLANG_ENABLE_MODULES = YES;
				CLANG_ENABLE_OBJC_ARC = YES;
				CLANG_WARN_BOOL_CONVERSION = YES;
				CLANG_WARN_CONSTANT_CONVERSION = YES;
				CLANG_WARN_DIRECT_OBJC_ISA_USAGE = YES_ERROR;
				CLANG_WARN_DOCUMENTATION_COMMENTS = YES;
				CLANG_WARN_EMPTY_BODY = YES;
				CLANG_WARN_ENUM_CONVERSION = YES;
				CLANG_WARN_INFINITE_RECURSION = YES;
				CLANG_WARN_INT_CONVERSION = YES;
				CLANG_WARN_OBJC_ROOT_CLASS = YES_ERROR;
				CLANG_WARN_SUSPICIOUS_MOVE = YES;
				CLANG_WARN_UNREACHABLE_CODE = YES;
				CLANG_WARN__DUPLICATE_METHOD_MATCH = YES;
				"CODE_SIGN_IDENTITY[sdk=iphoneos*]" = "iPhone Developer";
				COPY_PHASE_STRIP = NO;
				DEBUG_INFORMATION_FORMAT = dwarf;
				ENABLE_STRICT_OBJC_MSGSEND = YES;
				ENABLE_TESTABILITY = YES;
				GCC_C_LANGUAGE_STANDARD = gnu99;
				GCC_DYNAMIC_NO_PIC = NO;
				GCC_NO_COMMON_BLOCKS = YES;
				GCC_OPTIMIZATION_LEVEL = 0;
				GCC_PREPROCESSOR_DEFINITIONS = (
					"DEBUG=1",
					"$(inherited)",
				);
				GCC_WARN_64_TO_32_BIT_CONVERSION = YES;
				GCC_WARN_ABOUT_RETURN_TYPE = YES_ERROR;
				GCC_WARN_UNDECLARED_SELECTOR = YES;
				GCC_WARN_UNINITIALIZED_AUTOS = YES_AGGRESSIVE;
				GCC_WARN_UNUSED_FUNCTION = YES;
				GCC_WARN_UNUSED_VARIABLE = YES;
				IPHONEOS_DEPLOYMENT_TARGET = 10.2;
				MTL_ENABLE_DEBUG_INFO = YES;
				ONLY_ACTIVE_ARCH = YES;
				SDKROOT = iphoneos;
				SWIFT_ACTIVE_COMPILATION_CONDITIONS = DEBUG;
				SWIFT_OPTIMIZATION_LEVEL = "-Onone";
				TARGETED_DEVICE_FAMILY = "1,2";
			};
			name = Debug;
		};
		AFD329DF1E38844D00FB42CF /* Release */ = {
			isa = XCBuildConfiguration;
			buildSettings = {
				ALWAYS_SEARCH_USER_PATHS = NO;
				CLANG_ANALYZER_NONNULL = YES;
				CLANG_CXX_LANGUAGE_STANDARD = "gnu++0x";
				CLANG_CXX_LIBRARY = "libc++";
				CLANG_ENABLE_MODULES = YES;
				CLANG_ENABLE_OBJC_ARC = YES;
				CLANG_WARN_BOOL_CONVERSION = YES;
				CLANG_WARN_CONSTANT_CONVERSION = YES;
				CLANG_WARN_DIRECT_OBJC_ISA_USAGE = YES_ERROR;
				CLANG_WARN_DOCUMENTATION_COMMENTS = YES;
				CLANG_WARN_EMPTY_BODY = YES;
				CLANG_WARN_ENUM_CONVERSION = YES;
				CLANG_WARN_INFINITE_RECURSION = YES;
				CLANG_WARN_INT_CONVERSION = YES;
				CLANG_WARN_OBJC_ROOT_CLASS = YES_ERROR;
				CLANG_WARN_SUSPICIOUS_MOVE = YES;
				CLANG_WARN_UNREACHABLE_CODE = YES;
				CLANG_WARN__DUPLICATE_METHOD_MATCH = YES;
				"CODE_SIGN_IDENTITY[sdk=iphoneos*]" = "iPhone Developer";
				COPY_PHASE_STRIP = NO;
				DEBUG_INFORMATION_FORMAT = "dwarf-with-dsym";
				ENABLE_NS_ASSERTIONS = NO;
				ENABLE_STRICT_OBJC_MSGSEND = YES;
				GCC_C_LANGUAGE_STANDARD = gnu99;
				GCC_NO_COMMON_BLOCKS = YES;
				GCC_WARN_64_TO_32_BIT_CONVERSION = YES;
				GCC_WARN_ABOUT_RETURN_TYPE = YES_ERROR;
				GCC_WARN_UNDECLARED_SELECTOR = YES;
				GCC_WARN_UNINITIALIZED_AUTOS = YES_AGGRESSIVE;
				GCC_WARN_UNUSED_FUNCTION = YES;
				GCC_WARN_UNUSED_VARIABLE = YES;
				IPHONEOS_DEPLOYMENT_TARGET = 10.2;
				MTL_ENABLE_DEBUG_INFO = NO;
				SDKROOT = iphoneos;
				SWIFT_OPTIMIZATION_LEVEL = "-Owholemodule";
				TARGETED_DEVICE_FAMILY = "1,2";
				VALIDATE_PRODUCT = YES;
			};
			name = Release;
		};
		AFD329E11E38844D00FB42CF /* Debug */ = {
			isa = XCBuildConfiguration;
			buildSettings = {
				ASSETCATALOG_COMPILER_APPICON_NAME = AppIcon;
				INFOPLIST_FILE = TableJson/Info.plist;
				LD_RUNPATH_SEARCH_PATHS = "$(inherited) @executable_path/Frameworks";
				PRODUCT_BUNDLE_IDENTIFIER = com.ggg..TableJson;
				PRODUCT_NAME = "$(TARGET_NAME)";
				SWIFT_VERSION = 3.0;
			};
			name = Debug;
		};
		AFD329E21E38844D00FB42CF /* Release */ = {
			isa = XCBuildConfiguration;
			buildSettings = {
				ASSETCATALOG_COMPILER_APPICON_NAME = AppIcon;
				INFOPLIST_FILE = TableJson/Info.plist;
				LD_RUNPATH_SEARCH_PATHS = "$(inherited) @executable_path/Frameworks";
				PRODUCT_BUNDLE_IDENTIFIER = com.ggg..TableJson;
				PRODUCT_NAME = "$(TARGET_NAME)";
				SWIFT_VERSION = 3.0;
			};
			name = Release;
		};
/* End XCBuildConfiguration section */

/* Begin XCConfigurationList section */
		AFD329C91E38844D00FB42CF /* Build configuration list for PBXProject "TableJson" */ = {
			isa = XCConfigurationList;
			buildConfigurations = (
				AFD329DE1E38844D00FB42CF /* Debug */,
				AFD329DF1E38844D00FB42CF /* Release */,
			);
			defaultConfigurationIsVisible = 0;
			defaultConfigurationName = Release;
		};
		AFD329E01E38844D00FB42CF /* Build configuration list for PBXNativeTarget "TableJson" */ = {
			isa = XCConfigurationList;
			buildConfigurations = (
				AFD329E11E38844D00FB42CF /* Debug */,
				AFD329E21E38844D00FB42CF /* Release */,
			);
			defaultConfigurationIsVisible = 0;
			defaultConfigurationName = Release;
		};
/* End XCConfigurationList section */
	};
	rootObject = AFD329C61E38844D00FB42CF /* Project object */;
}
